PODS:
  - Giphy (2.1.20):
    - libwebp
  - HelloWide (8.0.1):
    - Giphy (= 2.1.20)
    - JitsiWebRTC (~> 106.0.0)
    - SocketRocket
  - JitsiWebRTC (106.0.0)
  - libwebp (1.3.2):
    - libwebp/demux (= 1.3.2)
    - libwebp/mux (= 1.3.2)
    - libwebp/sharpyuv (= 1.3.2)
    - libwebp/webp (= 1.3.2)
  - libwebp/demux (1.3.2):
    - libwebp/webp
  - libwebp/mux (1.3.2):
    - libwebp/demux
  - libwebp/sharpyuv (1.3.2)
  - libwebp/webp (1.3.2):
    - libwebp/sharpyuv
  - SocketRocket (0.7.0)

DEPENDENCIES:
  - HelloWide

SPEC REPOS:
  https://github.com/CocoaPods/Specs.git:
    - Giphy
    - HelloWide
    - JitsiWebRTC
    - libwebp
    - SocketRocket

SPEC CHECKSUMS:
  Giphy: b6d5087521d251bb8c99cdc0eb07bbdf86d142d5
  HelloWide: 765f530ee469d933ce4a4f675dccded96f246292
  JitsiWebRTC: f441eb0e2d67f0588bf24e21c5162e97342714fb
  libwebp: 1786c9f4ff8a279e4dac1e8f385004d5fc253009
  SocketRocket: abac6f5de4d4d62d24e11868d7a2f427e0ef940d

PODFILE CHECKSUM: 5eb15db61f640c5e382609ed3278c8fef0254f0c

COCOAPODS: 1.14.3
